// !$*UTF8*$!
{
	archiveVersion = 1;
	classes = {
	};
	objectVersion = 56;
	objects = {

/* Begin PBXBuildFile section */
		C21C591029D6ACA7006F3241 /* AppDelegate.swift in Sources */ = {isa = PBXBuildFile; fileRef = C21C590F29D6ACA7006F3241 /* AppDelegate.swift */; };
		C21C591229D6ACA7006F3241 /* SceneDelegate.swift in Sources */ = {isa = PBXBuildFile; fileRef = C21C591129D6ACA7006F3241 /* SceneDelegate.swift */; };
		C21C591429D6ACA7006F3241 /* ViewController.swift in Sources */ = {isa = PBXBuildFile; fileRef = C21C591329D6ACA7006F3241 /* ViewController.swift */; };
		C21C591729D6ACA7006F3241 /* Main.storyboard in Resources */ = {isa = PBXBuildFile; fileRef = C21C591529D6ACA7006F3241 /* Main.storyboard */; };
		C21C591929D6ACA7006F3241 /* Assets.xcassets in Resources */ = {isa = PBXBuildFile; fileRef = C21C591829D6ACA7006F3241 /* Assets.xcassets */; };
		C21C591C29D6ACA7006F3241 /* LaunchScreen.storyboard in Resources */ = {isa = PBXBuildFile; fileRef = C21C591A29D6ACA7006F3241 /* LaunchScreen.storyboard */; };
		C21C592729D6ACA7006F3241 /* DemoNotifyTests.swift in Sources */ = {isa = PBXBuildFile; fileRef = C21C592629D6ACA7006F3241 /* DemoNotifyTests.swift */; };
		C21C593129D6ACA7006F3241 /* DemoNotifyUITests.swift in Sources */ = {isa = PBXBuildFile; fileRef = C21C593029D6ACA7006F3241 /* DemoNotifyUITests.swift */; };
		C21C593329D6ACA7006F3241 /* DemoNotifyUITestsLaunchTests.swift in Sources */ = {isa = PBXBuildFile; fileRef = C21C593229D6ACA7006F3241 /* DemoNotifyUITestsLaunchTests.swift */; };
		C227102029D6D4DA00125D6D /* UNService.swift in Sources */ = {isa = PBXBuildFile; fileRef = C227101F29D6D4DA00125D6D /* UNService.swift */; };
		C2A3583B29D6AFD0008152C3 /* ShadowView.swift in Sources */ = {isa = PBXBuildFile; fileRef = C2A3583A29D6AFD0008152C3 /* ShadowView.swift */; };
/* End PBXBuildFile section */

/* Begin PBXContainerItemProxy section */
		C21C592329D6ACA7006F3241 /* PBXContainerItemProxy */ = {
			isa = PBXContainerItemProxy;
			containerPortal = C21C590429D6ACA6006F3241 /* Project object */;
			proxyType = 1;
			remoteGlobalIDString = C21C590B29D6ACA7006F3241;
			remoteInfo = DemoNotify;
		};
		C21C592D29D6ACA7006F3241 /* PBXContainerItemProxy */ = {
			isa = PBXContainerItemProxy;
			containerPortal = C21C590429D6ACA6006F3241 /* Project object */;
			proxyType = 1;
			remoteGlobalIDString = C21C590B29D6ACA7006F3241;
			remoteInfo = DemoNotify;
		};
/* End PBXContainerItemProxy section */

/* Begin PBXFileReference section */
		C21C590C29D6ACA7006F3241 /* DemoNotify.app */ = {isa = PBXFileReference; explicitFileType = wrapper.application; includeInIndex = 0; path = DemoNotify.app; sourceTree = BUILT_PRODUCTS_DIR; };
		C21C590F29D6ACA7006F3241 /* AppDelegate.swift */ = {isa = PBXFileReference; lastKnownFileType = sourcecode.swift; path = AppDelegate.swift; sourceTree = "<group>"; };
		C21C591129D6ACA7006F3241 /* SceneDelegate.swift */ = {isa = PBXFileReference; lastKnownFileType = sourcecode.swift; path = SceneDelegate.swift; sourceTree = "<group>"; };
		C21C591329D6ACA7006F3241 /* ViewController.swift */ = {isa = PBXFileReference; lastKnownFileType = sourcecode.swift; path = ViewController.swift; sourceTree = "<group>"; };
		C21C591629D6ACA7006F3241 /* Base */ = {isa = PBXFileReference; lastKnownFileType = file.storyboard; name = Base; path = Base.lproj/Main.storyboard; sourceTree = "<group>"; };
		C21C591829D6ACA7006F3241 /* Assets.xcassets */ = {isa = PBXFileReference; lastKnownFileType = folder.assetcatalog; path = Assets.xcassets; sourceTree = "<group>"; };
		C21C591B29D6ACA7006F3241 /* Base */ = {isa = PBXFileReference; lastKnownFileType = file.storyboard; name = Base; path = Base.lproj/LaunchScreen.storyboard; sourceTree = "<group>"; };
		C21C591D29D6ACA7006F3241 /* Info.plist */ = {isa = PBXFileReference; lastKnownFileType = text.plist.xml; path = Info.plist; sourceTree = "<group>"; };
		C21C592229D6ACA7006F3241 /* DemoNotifyTests.xctest */ = {isa = PBXFileReference; explicitFileType = wrapper.cfbundle; includeInIndex = 0; path = DemoNotifyTests.xctest; sourceTree = BUILT_PRODUCTS_DIR; };
		C21C592629D6ACA7006F3241 /* DemoNotifyTests.swift */ = {isa = PBXFileReference; lastKnownFileType = sourcecode.swift; path = DemoNotifyTests.swift; sourceTree = "<group>"; };
		C21C592C29D6ACA7006F3241 /* DemoNotifyUITests.xctest */ = {isa = PBXFileReference; explicitFileType = wrapper.cfbundle; includeInIndex = 0; path = DemoNotifyUITests.xctest; sourceTree = BUILT_PRODUCTS_DIR; };
		C21C593029D6ACA7006F3241 /* DemoNotifyUITests.swift */ = {isa = PBXFileReference; lastKnownFileType = sourcecode.swift; path = DemoNotifyUITests.swift; sourceTree = "<group>"; };
		C21C593229D6ACA7006F3241 /* DemoNotifyUITestsLaunchTests.swift */ = {isa = PBXFileReference; lastKnownFileType = sourcecode.swift; path = DemoNotifyUITestsLaunchTests.swift; sourceTree = "<group>"; };
		C227101F29D6D4DA00125D6D /* UNService.swift */ = {isa = PBXFileReference; lastKnownFileType = sourcecode.swift; path = UNService.swift; sourceTree = "<group>"; };
		C2A3583A29D6AFD0008152C3 /* ShadowView.swift */ = {isa = PBXFileReference; lastKnownFileType = sourcecode.swift; path = ShadowView.swift; sourceTree = "<group>"; };
/* End PBXFileReference section */

/* Begin PBXFrameworksBuildPhase section */
		C21C590929D6ACA7006F3241 /* Frameworks */ = {
			isa = PBXFrameworksBuildPhase;
			buildActionMask = 2147483647;
			files = (
			);
			runOnlyForDeploymentPostprocessing = 0;
		};
		C21C591F29D6ACA7006F3241 /* Frameworks */ = {
			isa = PBXFrameworksBuildPhase;
			buildActionMask = 2147483647;
			files = (
			);
			runOnlyForDeploymentPostprocessing = 0;
		};
		C21C592929D6ACA7006F3241 /* Frameworks */ = {
			isa = PBXFrameworksBuildPhase;
			buildActionMask = 2147483647;
			files = (
			);
			runOnlyForDeploymentPostprocessing = 0;
		};
/* End PBXFrameworksBuildPhase section */

/* Begin PBXGroup section */
		C21C590329D6ACA6006F3241 = {
			isa = PBXGroup;
			children = (
				C21C590E29D6ACA7006F3241 /* DemoNotify */,
				C21C592529D6ACA7006F3241 /* DemoNotifyTests */,
				C21C592F29D6ACA7006F3241 /* DemoNotifyUITests */,
				C21C590D29D6ACA7006F3241 /* Products */,
			);
			sourceTree = "<group>";
		};
		C21C590D29D6ACA7006F3241 /* Products */ = {
			isa = PBXGroup;
			children = (
				C21C590C29D6ACA7006F3241 /* DemoNotify.app */,
				C21C592229D6ACA7006F3241 /* DemoNotifyTests.xctest */,
				C21C592C29D6ACA7006F3241 /* DemoNotifyUITests.xctest */,
			);
			name = Products;
			sourceTree = "<group>";
		};
		C21C590E29D6ACA7006F3241 /* DemoNotify */ = {
			isa = PBXGroup;
			children = (
				C227101E29D6D4CD00125D6D /* Service */,
				C227101D29D6D43900125D6D /* Model */,
				C227101C29D6D41900125D6D /* View */,
				C21C590F29D6ACA7006F3241 /* AppDelegate.swift */,
				C21C591129D6ACA7006F3241 /* SceneDelegate.swift */,
				C21C591829D6ACA7006F3241 /* Assets.xcassets */,
				C21C591D29D6ACA7006F3241 /* Info.plist */,
			);
			path = DemoNotify;
			sourceTree = "<group>";
		};
		C21C592529D6ACA7006F3241 /* DemoNotifyTests */ = {
			isa = PBXGroup;
			children = (
				C21C592629D6ACA7006F3241 /* DemoNotifyTests.swift */,
			);
			path = DemoNotifyTests;
			sourceTree = "<group>";
		};
		C21C592F29D6ACA7006F3241 /* DemoNotifyUITests */ = {
			isa = PBXGroup;
			children = (
				C21C593029D6ACA7006F3241 /* DemoNotifyUITests.swift */,
				C21C593229D6ACA7006F3241 /* DemoNotifyUITestsLaunchTests.swift */,
			);
			path = DemoNotifyUITests;
			sourceTree = "<group>";
		};
		C227101C29D6D41900125D6D /* View */ = {
			isa = PBXGroup;
			children = (
				C2A3583A29D6AFD0008152C3 /* ShadowView.swift */,
				C21C591329D6ACA7006F3241 /* ViewController.swift */,
				C21C591529D6ACA7006F3241 /* Main.storyboard */,
				C21C591A29D6ACA7006F3241 /* LaunchScreen.storyboard */,
			);
			path = View;
			sourceTree = "<group>";
		};
		C227101D29D6D43900125D6D /* Model */ = {
			isa = PBXGroup;
			children = (
			);
			path = Model;
			sourceTree = "<group>";
		};
		C227101E29D6D4CD00125D6D /* Service */ = {
			isa = PBXGroup;
			children = (
				C227101F29D6D4DA00125D6D /* UNService.swift */,
			);
			path = Service;
			sourceTree = "<group>";
		};
/* End PBXGroup section */

/* Begin PBXNativeTarget section */
		C21C590B29D6ACA7006F3241 /* DemoNotify */ = {
			isa = PBXNativeTarget;
			buildConfigurationList = C21C593629D6ACA7006F3241 /* Build configuration list for PBXNativeTarget "DemoNotify" */;
			buildPhases = (
				C21C590829D6ACA7006F3241 /* Sources */,
				C21C590929D6ACA7006F3241 /* Frameworks */,
				C21C590A29D6ACA7006F3241 /* Resources */,
			);
			buildRules = (
			);
			dependencies = (
			);
			name = DemoNotify;
			productName = DemoNotify;
			productReference = C21C590C29D6ACA7006F3241 /* DemoNotify.app */;
			productType = "com.apple.product-type.application";
		};
		C21C592129D6ACA7006F3241 /* DemoNotifyTests */ = {
			isa = PBXNativeTarget;
			buildConfigurationList = C21C593929D6ACA7006F3241 /* Build configuration list for PBXNativeTarget "DemoNotifyTests" */;
			buildPhases = (
				C21C591E29D6ACA7006F3241 /* Sources */,
				C21C591F29D6ACA7006F3241 /* Frameworks */,
				C21C592029D6ACA7006F3241 /* Resources */,
			);
			buildRules = (
			);
			dependencies = (
				C21C592429D6ACA7006F3241 /* PBXTargetDependency */,
			);
			name = DemoNotifyTests;
			productName = DemoNotifyTests;
			productReference = C21C592229D6ACA7006F3241 /* DemoNotifyTests.xctest */;
			productType = "com.apple.product-type.bundle.unit-test";
		};
		C21C592B29D6ACA7006F3241 /* DemoNotifyUITests */ = {
			isa = PBXNativeTarget;
			buildConfigurationList = C21C593C29D6ACA7006F3241 /* Build configuration list for PBXNativeTarget "DemoNotifyUITests" */;
			buildPhases = (
				C21C592829D6ACA7006F3241 /* Sources */,
				C21C592929D6ACA7006F3241 /* Frameworks */,
				C21C592A29D6ACA7006F3241 /* Resources */,
			);
			buildRules = (
			);
			dependencies = (
				C21C592E29D6ACA7006F3241 /* PBXTargetDependency */,
			);
			name = DemoNotifyUITests;
			productName = DemoNotifyUITests;
			productReference = C21C592C29D6ACA7006F3241 /* DemoNotifyUITests.xctest */;
			productType = "com.apple.product-type.bundle.ui-testing";
		};
/* End PBXNativeTarget section */

/* Begin PBXProject section */
		C21C590429D6ACA6006F3241 /* Project object */ = {
			isa = PBXProject;
			attributes = {
				BuildIndependentTargetsInParallel = 1;
				LastSwiftUpdateCheck = 1420;
				LastUpgradeCheck = 1420;
				TargetAttributes = {
					C21C590B29D6ACA7006F3241 = {
						CreatedOnToolsVersion = 14.2;
					};
					C21C592129D6ACA7006F3241 = {
						CreatedOnToolsVersion = 14.2;
						TestTargetID = C21C590B29D6ACA7006F3241;
					};
					C21C592B29D6ACA7006F3241 = {
						CreatedOnToolsVersion = 14.2;
						TestTargetID = C21C590B29D6ACA7006F3241;
					};
				};
			};
			buildConfigurationList = C21C590729D6ACA6006F3241 /* Build configuration list for PBXProject "DemoNotify" */;
			compatibilityVersion = "Xcode 14.0";
			developmentRegion = en;
			hasScannedForEncodings = 0;
			knownRegions = (
				en,
				Base,
			);
			mainGroup = C21C590329D6ACA6006F3241;
			productRefGroup = C21C590D29D6ACA7006F3241 /* Products */;
			projectDirPath = "";
			projectRoot = "";
			targets = (
				C21C590B29D6ACA7006F3241 /* DemoNotify */,
				C21C592129D6ACA7006F3241 /* DemoNotifyTests */,
				C21C592B29D6ACA7006F3241 /* DemoNotifyUITests */,
			);
		};
/* End PBXProject section */

/* Begin PBXResourcesBuildPhase section */
		C21C590A29D6ACA7006F3241 /* Resources */ = {
			isa = PBXResourcesBuildPhase;
			buildActionMask = 2147483647;
			files = (
				C21C591C29D6ACA7006F3241 /* LaunchScreen.storyboard in Resources */,
				C21C591929D6ACA7006F3241 /* Assets.xcassets in Resources */,
				C21C591729D6ACA7006F3241 /* Main.storyboard in Resources */,
			);
			runOnlyForDeploymentPostprocessing = 0;
		};
		C21C592029D6ACA7006F3241 /* Resources */ = {
			isa = PBXResourcesBuildPhase;
			buildActionMask = 2147483647;
			files = (
			);
			runOnlyForDeploymentPostprocessing = 0;
		};
		C21C592A29D6ACA7006F3241 /* Resources */ = {
			isa = PBXResourcesBuildPhase;
			buildActionMask = 2147483647;
			files = (
			);
			runOnlyForDeploymentPostprocessing = 0;
		};
/* End PBXResourcesBuildPhase section */

/* Begin PBXSourcesBuildPhase section */
		C21C590829D6ACA7006F3241 /* Sources */ = {
			isa = PBXSourcesBuildPhase;
			buildActionMask = 2147483647;
			files = (
				C2A3583B29D6AFD0008152C3 /* ShadowView.swift in Sources */,
				C21C591429D6ACA7006F3241 /* ViewController.swift in Sources */,
				C21C591029D6ACA7006F3241 /* AppDelegate.swift in Sources */,
				C21C591229D6ACA7006F3241 /* SceneDelegate.swift in Sources */,
				C227102029D6D4DA00125D6D /* UNService.swift in Sources */,
			);
			runOnlyForDeploymentPostprocessing = 0;
		};
		C21C591E29D6ACA7006F3241 /* Sources */ = {
			isa = PBXSourcesBuildPhase;
			buildActionMask = 2147483647;
			files = (
				C21C592729D6ACA7006F3241 /* DemoNotifyTests.swift in Sources */,
			);
			runOnlyForDeploymentPostprocessing = 0;
		};
		C21C592829D6ACA7006F3241 /* Sources */ = {
			isa = PBXSourcesBuildPhase;
			buildActionMask = 2147483647;
			files = (
				C21C593329D6ACA7006F3241 /* DemoNotifyUITestsLaunchTests.swift in Sources */,
				C21C593129D6ACA7006F3241 /* DemoNotifyUITests.swift in Sources */,
			);
			runOnlyForDeploymentPostprocessing = 0;
		};
/* End PBXSourcesBuildPhase section */

/* Begin PBXTargetDependency section */
		C21C592429D6ACA7006F3241 /* PBXTargetDependency */ = {
			isa = PBXTargetDependency;
			target = C21C590B29D6ACA7006F3241 /* DemoNotify */;
			targetProxy = C21C592329D6ACA7006F3241 /* PBXContainerItemProxy */;
		};
		C21C592E29D6ACA7006F3241 /* PBXTargetDependency */ = {
			isa = PBXTargetDependency;
			target = C21C590B29D6ACA7006F3241 /* DemoNotify */;
			targetProxy = C21C592D29D6ACA7006F3241 /* PBXContainerItemProxy */;
		};
/* End PBXTargetDependency section */

/* Begin PBXVariantGroup section */
		C21C591529D6ACA7006F3241 /* Main.storyboard */ = {
			isa = PBXVariantGroup;
			children = (
				C21C591629D6ACA7006F3241 /* Base */,
			);
			name = Main.storyboard;
			sourceTree = "<group>";
		};
		C21C591A29D6ACA7006F3241 /* LaunchScreen.storyboard */ = {
			isa = PBXVariantGroup;
			children = (
				C21C591B29D6ACA7006F3241 /* Base */,
			);
			name = LaunchScreen.storyboard;
			sourceTree = "<group>";
		};
/* End PBXVariantGroup section */

/* Begin XCBuildConfiguration section */
		C21C593429D6ACA7006F3241 /* Debug */ = {
			isa = XCBuildConfiguration;
			buildSettings = {
				ALWAYS_SEARCH_USER_PATHS = NO;
				CLANG_ANALYZER_NONNULL = YES;
				CLANG_ANALYZER_NUMBER_OBJECT_CONVERSION = YES_AGGRESSIVE;
				CLANG_CXX_LANGUAGE_STANDARD = "gnu++20";
				CLANG_ENABLE_MODULES = YES;
				CLANG_ENABLE_OBJC_ARC = YES;
				CLANG_ENABLE_OBJC_WEAK = YES;
				CLANG_WARN_BLOCK_CAPTURE_AUTORELEASING = YES;
				CLANG_WARN_BOOL_CONVERSION = YES;
				CLANG_WARN_COMMA = YES;
				CLANG_WARN_CONSTANT_CONVERSION = YES;
				CLANG_WARN_DEPRECATED_OBJC_IMPLEMENTATIONS = YES;
				CLANG_WARN_DIRECT_OBJC_ISA_USAGE = YES_ERROR;
				CLANG_WARN_DOCUMENTATION_COMMENTS = YES;
				CLANG_WARN_EMPTY_BODY = YES;
				CLANG_WARN_ENUM_CONVERSION = YES;
				CLANG_WARN_INFINITE_RECURSION = YES;
				CLANG_WARN_INT_CONVERSION = YES;
				CLANG_WARN_NON_LITERAL_NULL_CONVERSION = YES;
				CLANG_WARN_OBJC_IMPLICIT_RETAIN_SELF = YES;
				CLANG_WARN_OBJC_LITERAL_CONVERSION = YES;
				CLANG_WARN_OBJC_ROOT_CLASS = YES_ERROR;
				CLANG_WARN_QUOTED_INCLUDE_IN_FRAMEWORK_HEADER = YES;
				CLANG_WARN_RANGE_LOOP_ANALYSIS = YES;
				CLANG_WARN_STRICT_PROTOTYPES = YES;
				CLANG_WARN_SUSPICIOUS_MOVE = YES;
				CLANG_WARN_UNGUARDED_AVAILABILITY = YES_AGGRESSIVE;
				CLANG_WARN_UNREACHABLE_CODE = YES;
				CLANG_WARN__DUPLICATE_METHOD_MATCH = YES;
				COPY_PHASE_STRIP = NO;
				DEBUG_INFORMATION_FORMAT = dwarf;
				ENABLE_STRICT_OBJC_MSGSEND = YES;
				ENABLE_TESTABILITY = YES;
				GCC_C_LANGUAGE_STANDARD = gnu11;
				GCC_DYNAMIC_NO_PIC = NO;
				GCC_NO_COMMON_BLOCKS = YES;
				GCC_OPTIMIZATION_LEVEL = 0;
				GCC_PREPROCESSOR_DEFINITIONS = (
					"DEBUG=1",
					"$(inherited)",
				);
				GCC_WARN_64_TO_32_BIT_CONVERSION = YES;
				GCC_WARN_ABOUT_RETURN_TYPE = YES_ERROR;
				GCC_WARN_UNDECLARED_SELECTOR = YES;
				GCC_WARN_UNINITIALIZED_AUTOS = YES_AGGRESSIVE;
				GCC_WARN_UNUSED_FUNCTION = YES;
				GCC_WARN_UNUSED_VARIABLE = YES;
				IPHONEOS_DEPLOYMENT_TARGET = 16.2;
				MTL_ENABLE_DEBUG_INFO = INCLUDE_SOURCE;
				MTL_FAST_MATH = YES;
				ONLY_ACTIVE_ARCH = YES;
				SDKROOT = iphoneos;
				SWIFT_ACTIVE_COMPILATION_CONDITIONS = DEBUG;
				SWIFT_OPTIMIZATION_LEVEL = "-Onone";
			};
			name = Debug;
		};
		C21C593529D6ACA7006F3241 /* Release */ = {
			isa = XCBuildConfiguration;
			buildSettings = {
				ALWAYS_SEARCH_USER_PATHS = NO;
				CLANG_ANALYZER_NONNULL = YES;
				CLANG_ANALYZER_NUMBER_OBJECT_CONVERSION = YES_AGGRESSIVE;
				CLANG_CXX_LANGUAGE_STANDARD = "gnu++20";
				CLANG_ENABLE_MODULES = YES;
				CLANG_ENABLE_OBJC_ARC = YES;
				CLANG_ENABLE_OBJC_WEAK = YES;
				CLANG_WARN_BLOCK_CAPTURE_AUTORELEASING = YES;
				CLANG_WARN_BOOL_CONVERSION = YES;
				CLANG_WARN_COMMA = YES;
				CLANG_WARN_CONSTANT_CONVERSION = YES;
				CLANG_WARN_DEPRECATED_OBJC_IMPLEMENTATIONS = YES;
				CLANG_WARN_DIRECT_OBJC_ISA_USAGE = YES_ERROR;
				CLANG_WARN_DOCUMENTATION_COMMENTS = YES;
				CLANG_WARN_EMPTY_BODY = YES;
				CLANG_WARN_ENUM_CONVERSION = YES;
				CLANG_WARN_INFINITE_RECURSION = YES;
				CLANG_WARN_INT_CONVERSION = YES;
				CLANG_WARN_NON_LITERAL_NULL_CONVERSION = YES;
				CLANG_WARN_OBJC_IMPLICIT_RETAIN_SELF = YES;
				CLANG_WARN_OBJC_LITERAL_CONVERSION = YES;
				CLANG_WARN_OBJC_ROOT_CLASS = YES_ERROR;
				CLANG_WARN_QUOTED_INCLUDE_IN_FRAMEWORK_HEADER = YES;
				CLANG_WARN_RANGE_LOOP_ANALYSIS = YES;
				CLANG_WARN_STRICT_PROTOTYPES = YES;
				CLANG_WARN_SUSPICIOUS_MOVE = YES;
				CLANG_WARN_UNGUARDED_AVAILABILITY = YES_AGGRESSIVE;
				CLANG_WARN_UNREACHABLE_CODE = YES;
				CLANG_WARN__DUPLICATE_METHOD_MATCH = YES;
				COPY_PHASE_STRIP = NO;
				DEBUG_INFORMATION_FORMAT = "dwarf-with-dsym";
				ENABLE_NS_ASSERTIONS = NO;
				ENABLE_STRICT_OBJC_MSGSEND = YES;
				GCC_C_LANGUAGE_STANDARD = gnu11;
				GCC_NO_COMMON_BLOCKS = YES;
				GCC_WARN_64_TO_32_BIT_CONVERSION = YES;
				GCC_WARN_ABOUT_RETURN_TYPE = YES_ERROR;
				GCC_WARN_UNDECLARED_SELECTOR = YES;
				GCC_WARN_UNINITIALIZED_AUTOS = YES_AGGRESSIVE;
				GCC_WARN_UNUSED_FUNCTION = YES;
				GCC_WARN_UNUSED_VARIABLE = YES;
				IPHONEOS_DEPLOYMENT_TARGET = 16.2;
				MTL_ENABLE_DEBUG_INFO = NO;
				MTL_FAST_MATH = YES;
				SDKROOT = iphoneos;
				SWIFT_COMPILATION_MODE = wholemodule;
				SWIFT_OPTIMIZATION_LEVEL = "-O";
				VALIDATE_PRODUCT = YES;
			};
			name = Release;
		};
		C21C593729D6ACA7006F3241 /* Debug */ = {
			isa = XCBuildConfiguration;
			buildSettings = {
				ASSETCATALOG_COMPILER_APPICON_NAME = AppIcon;
				ASSETCATALOG_COMPILER_GLOBAL_ACCENT_COLOR_NAME = AccentColor;
				CODE_SIGN_STYLE = Automatic;
				CURRENT_PROJECT_VERSION = 1;
				DEVELOPMENT_TEAM = HH2762ML5R;
				GENERATE_INFOPLIST_FILE = YES;
				INFOPLIST_FILE = DemoNotify/Info.plist;
				INFOPLIST_KEY_UIApplicationSupportsIndirectInputEvents = YES;
				INFOPLIST_KEY_UILaunchStoryboardName = LaunchScreen;
				INFOPLIST_KEY_UIMainStoryboardFile = Main;
				INFOPLIST_KEY_UISupportedInterfaceOrientations_iPad = "UIInterfaceOrientationPortrait UIInterfaceOrientationPortraitUpsideDown UIInterfaceOrientationLandscapeLeft UIInterfaceOrientationLandscapeRight";
				INFOPLIST_KEY_UISupportedInterfaceOrientations_iPhone = "UIInterfaceOrientationPortrait UIInterfaceOrientationLandscapeLeft UIInterfaceOrientationLandscapeRight";
				IPHONEOS_DEPLOYMENT_TARGET = 14.0;
				LD_RUNPATH_SEARCH_PATHS = (
					"$(inherited)",
					"@executable_path/Frameworks",
				);
				MARKETING_VERSION = 1.0;
				PRODUCT_BUNDLE_IDENTIFIER = com.tannguyen.notify.DemoNotify;
				PRODUCT_NAME = "$(TARGET_NAME)";
				SWIFT_EMIT_LOC_STRINGS = YES;
				SWIFT_VERSION = 5.0;
				TARGETED_DEVICE_FAMILY = "1,2";
			};
			name = Debug;
		};
		C21C593829D6ACA7006F3241 /* Release */ = {
			isa = XCBuildConfiguration;
			buildSettings = {
				ASSETCATALOG_COMPILER_APPICON_NAME = AppIcon;
				ASSETCATALOG_COMPILER_GLOBAL_ACCENT_COLOR_NAME = AccentColor;
				CODE_SIGN_STYLE = Automatic;
				CURRENT_PROJECT_VERSION = 1;
				DEVELOPMENT_TEAM = HH2762ML5R;
				GENERATE_INFOPLIST_FILE = YES;
				INFOPLIST_FILE = DemoNotify/Info.plist;
				INFOPLIST_KEY_UIApplicationSupportsIndirectInputEvents = YES;
				INFOPLIST_KEY_UILaunchStoryboardName = LaunchScreen;
				INFOPLIST_KEY_UIMainStoryboardFile = Main;
				INFOPLIST_KEY_UISupportedInterfaceOrientations_iPad = "UIInterfaceOrientationPortrait UIInterfaceOrientationPortraitUpsideDown UIInterfaceOrientationLandscapeLeft UIInterfaceOrientationLandscapeRight";
				INFOPLIST_KEY_UISupportedInterfaceOrientations_iPhone = "UIInterfaceOrientationPortrait UIInterfaceOrientationLandscapeLeft UIInterfaceOrientationLandscapeRight";
				IPHONEOS_DEPLOYMENT_TARGET = 14.0;
				LD_RUNPATH_SEARCH_PATHS = (
					"$(inherited)",
					"@executable_path/Frameworks",
				);
				MARKETING_VERSION = 1.0;
				PRODUCT_BUNDLE_IDENTIFIER = com.tannguyen.notify.DemoNotify;
				PRODUCT_NAME = "$(TARGET_NAME)";
				SWIFT_EMIT_LOC_STRINGS = YES;
				SWIFT_VERSION = 5.0;
				TARGETED_DEVICE_FAMILY = "1,2";
			};
			name = Release;
		};
		C21C593A29D6ACA7006F3241 /* Debug */ = {
			isa = XCBuildConfiguration;
			buildSettings = {
				ALWAYS_EMBED_SWIFT_STANDARD_LIBRARIES = YES;
				BUNDLE_LOADER = "$(TEST_HOST)";
				CODE_SIGN_STYLE = Automatic;
				CURRENT_PROJECT_VERSION = 1;
				DEVELOPMENT_TEAM = HH2762ML5R;
				GENERATE_INFOPLIST_FILE = YES;
				IPHONEOS_DEPLOYMENT_TARGET = 16.2;
				MARKETING_VERSION = 1.0;
				PRODUCT_BUNDLE_IDENTIFIER = com.tannguyen.notify.DemoNotifyTests;
				PRODUCT_NAME = "$(TARGET_NAME)";
				SWIFT_EMIT_LOC_STRINGS = NO;
				SWIFT_VERSION = 5.0;
				TARGETED_DEVICE_FAMILY = "1,2";
				TEST_HOST = "$(BUILT_PRODUCTS_DIR)/DemoNotify.app/$(BUNDLE_EXECUTABLE_FOLDER_PATH)/DemoNotify";
			};
			name = Debug;
		};
		C21C593B29D6ACA7006F3241 /* Release */ = {
			isa = XCBuildConfiguration;
			buildSettings = {
				ALWAYS_EMBED_SWIFT_STANDARD_LIBRARIES = YES;
				BUNDLE_LOADER = "$(TEST_HOST)";
				CODE_SIGN_STYLE = Automatic;
				CURRENT_PROJECT_VERSION = 1;
				DEVELOPMENT_TEAM = HH2762ML5R;
				GENERATE_INFOPLIST_FILE = YES;
				IPHONEOS_DEPLOYMENT_TARGET = 16.2;
				MARKETING_VERSION = 1.0;
				PRODUCT_BUNDLE_IDENTIFIER = com.tannguyen.notify.DemoNotifyTests;
				PRODUCT_NAME = "$(TARGET_NAME)";
				SWIFT_EMIT_LOC_STRINGS = NO;
				SWIFT_VERSION = 5.0;
				TARGETED_DEVICE_FAMILY = "1,2";
				TEST_HOST = "$(BUILT_PRODUCTS_DIR)/DemoNotify.app/$(BUNDLE_EXECUTABLE_FOLDER_PATH)/DemoNotify";
			};
			name = Release;
		};
		C21C593D29D6ACA7006F3241 /* Debug */ = {
			isa = XCBuildConfiguration;
			buildSettings = {
				ALWAYS_EMBED_SWIFT_STANDARD_LIBRARIES = YES;
				CODE_SIGN_STYLE = Automatic;
				CURRENT_PROJECT_VERSION = 1;
				DEVELOPMENT_TEAM = HH2762ML5R;
				GENERATE_INFOPLIST_FILE = YES;
				MARKETING_VERSION = 1.0;
				PRODUCT_BUNDLE_IDENTIFIER = com.tannguyen.notify.DemoNotifyUITests;
				PRODUCT_NAME = "$(TARGET_NAME)";
				SWIFT_EMIT_LOC_STRINGS = NO;
				SWIFT_VERSION = 5.0;
				TARGETED_DEVICE_FAMILY = "1,2";
				TEST_TARGET_NAME = DemoNotify;
			};
			name = Debug;
		};
		C21C593E29D6ACA7006F3241 /* Release */ = {
			isa = XCBuildConfiguration;
			buildSettings = {
				ALWAYS_EMBED_SWIFT_STANDARD_LIBRARIES = YES;
				CODE_SIGN_STYLE = Automatic;
				CURRENT_PROJECT_VERSION = 1;
				DEVELOPMENT_TEAM = HH2762ML5R;
				GENERATE_INFOPLIST_FILE = YES;
				MARKETING_VERSION = 1.0;
				PRODUCT_BUNDLE_IDENTIFIER = com.tannguyen.notify.DemoNotifyUITests;
				PRODUCT_NAME = "$(TARGET_NAME)";
				SWIFT_EMIT_LOC_STRINGS = NO;
				SWIFT_VERSION = 5.0;
				TARGETED_DEVICE_FAMILY = "1,2";
				TEST_TARGET_NAME = DemoNotify;
			};
			name = Release;
		};
/* End XCBuildConfiguration section */

/* Begin XCConfigurationList section */
		C21C590729D6ACA6006F3241 /* Build configuration list for PBXProject "DemoNotify" */ = {
			isa = XCConfigurationList;
			buildConfigurations = (
				C21C593429D6ACA7006F3241 /* Debug */,
				C21C593529D6ACA7006F3241 /* Release */,
			);
			defaultConfigurationIsVisible = 0;
			defaultConfigurationName = Release;
		};
		C21C593629D6ACA7006F3241 /* Build configuration list for PBXNativeTarget "DemoNotify" */ = {
			isa = XCConfigurationList;
			buildConfigurations = (
				C21C593729D6ACA7006F3241 /* Debug */,
				C21C593829D6ACA7006F3241 /* Release */,
			);
			defaultConfigurationIsVisible = 0;
			defaultConfigurationName = Release;
		};
		C21C593929D6ACA7006F3241 /* Build configuration list for PBXNativeTarget "DemoNotifyTests" */ = {
			isa = XCConfigurationList;
			buildConfigurations = (
				C21C593A29D6ACA7006F3241 /* Debug */,
				C21C593B29D6ACA7006F3241 /* Release */,
			);
			defaultConfigurationIsVisible = 0;
			defaultConfigurationName = Release;
		};
		C21C593C29D6ACA7006F3241 /* Build configuration list for PBXNativeTarget "DemoNotifyUITests" */ = {
			isa = XCConfigurationList;
			buildConfigurations = (
				C21C593D29D6ACA7006F3241 /* Debug */,
				C21C593E29D6ACA7006F3241 /* Release */,
			);
			defaultConfigurationIsVisible = 0;
			defaultConfigurationName = Release;
		};
/* End XCConfigurationList section */
	};
	rootObject = C21C590429D6ACA6006F3241 /* Project object */;
}
